<?xml version="1.0" encoding="UTF-8" standalone="yes" ?>
<CodeBlocks_project_file>
	<FileVersion major="1" minor="6" />
	<Project>
		<Option title="FileSender" />
		<Option pch_mode="2" />
		<Option compiler="gcc_mingw-w64_compiler_32-bit" />
		<Build>
			<Target title="Debug">
				<Option output="../../build/bin/Debug/FileSender" prefix_auto="1" extension_auto="1" />
				<Option object_output="../../build/obj/Debug" />
				<Option type="1" />
				<Option compiler="gcc_mingw-w64_compiler_32-bit" />
				<Compiler>
					<Add option="-g" />
				</Compiler>
			</Target>
			<Target title="Release">
				<Option output="../../build/bin/Release/FileSender" prefix_auto="1" extension_auto="1" />
				<Option object_output="../../build/obj/Release/" />
				<Option type="1" />
				<Option compiler="gcc_mingw-w64_compiler_32-bit" />
				<Compiler>
					<Add option="-O2" />
				</Compiler>
				<Linker>
					<Add option="-s" />
				</Linker>
			</Target>
			<Target title="test1">
				<Option output="../../build/test/test1" prefix_auto="1" extension_auto="1" />
				<Option object_output="../../build/obj/test" />
				<Option type="1" />
				<Option compiler="gcc_mingw-w64_compiler_32-bit" />
				<Compiler>
					<Add option="-g" />
				</Compiler>
			</Target>
		</Build>
		<Compiler>
			<Add option="-Wall" />
		</Compiler>
		<Linker>
			<Add option="-lWs2_32" />
		</Linker>
		<Unit filename="../../src/server/gsrvsocks.c">
			<Option compilerVar="CC" />
		</Unit>
		<Unit filename="../../src/server/gsrvsocks.h" />
		<Unit filename="../../src/server/helper/grylthread.c">
			<Option compilerVar="CC" />
		</Unit>
		<Unit filename="../../src/server/helper/grylthread.h" />
		<Unit filename="../../src/server/helper/hlog.c">
			<Option compilerVar="CC" />
		</Unit>
		<Unit filename="../../src/server/helper/hlog.h" />
		<Unit filename="../../src/server/server.c">
			<Option compilerVar="CC" />
		</Unit>
		<Unit filename="../../src/server/service.c">
			<Option compilerVar="CC" />
		</Unit>
		<Unit filename="../../src/server/service.h" />
		<Unit filename="../../src/test/main.c">
			<Option compilerVar="CC" />
			<Option target="Release" />
			<Option target="test1" />
		</Unit>
		<Extensions>
			<code_completion />
			<envvars />
			<debugger />
			<lib_finder disable_auto="1" />
		</Extensions>
	</Project>
</CodeBlocks_project_file>
